
Microsoft Visual Studio Solution File, Format Version 12.00
# Visual Studio Version 16
VisualStudioVersion = 16.0.31313.79
MinimumVisualStudioVersion = 10.0.40219.1
Project("{FAE04EC0-301F-11D3-BF4B-00C04F79EFBC}") = "Calculator", "Calculator\Calculator.csproj", "{1E991890-96B4-47EB-A9B2-4EE4220F9EF7}"
EndProject
Global
	GlobalSection(SolutionConfigurationPlatforms) = preSolution
		Debug|Any CPU = Debug|Any CPU
		Release|Any CPU = Release|Any CPU
	EndGlobalSection
	GlobalSection(ProjectConfigurationPlatforms) = postSolution
		{1E991890-96B4-47EB-A9B2-4EE4220F9EF7}.Debug|Any CPU.ActiveCfg = Debug|Any CPU
		{1E991890-96B4-47EB-A9B2-4EE4220F9EF7}.Debug|Any CPU.Build.0 = Debug|Any CPU
		{1E991890-96B4-47EB-A9B2-4EE4220F9EF7}.Release|Any CPU.ActiveCfg = Release|Any CPU
		{1E991890-96B4-47EB-A9B2-4EE4220F9EF7}.Release|Any CPU.Build.0 = Release|Any CPU
	EndGlobalSection
	GlobalSection(SolutionProperties) = preSolution
		HideSolutionNode = FALSE
	EndGlobalSection
	GlobalSection(ExtensibilityGlobals) = postSolution
		SolutionGuid = {47BA2EF7-207D-4828-9EFF-29704151AB68}
	EndGlobalSection
EndGlobal
